# THIS IS AN AUTOGENERATED FILE. DO NOT EDIT THIS FILE DIRECTLY.
# yarn lockfile v1


"@types/cheerio@^0.22.22":
  version "0.22.35"
  resolved "https://registry.yarnpkg.com/@types/cheerio/-/cheerio-0.22.35.tgz#0d16dc1f24d426231c181b9c31847f673867595f"
  integrity sha512-yD57BchKRvTV+JD53UZ6PD8KWY5g5rvvMLRnZR3EQBCZXiDT/HR+pKpMzFGlWNhFrXlo7VPZXtKvIEwZkAWOIA==
  dependencies:
    "@types/node" "*"

"@types/node@*":
  version "22.9.1"
  resolved "https://registry.yarnpkg.com/@types/node/-/node-22.9.1.tgz#bdf91c36e0e7ecfb7257b2d75bf1b206b308ca71"
  integrity sha512-p8Yy/8sw1caA8CdRIQBG5tiLHmxtQKObCijiAa9Ez+d4+PRffM4054xbju0msf+cvhJpnFEeNjxmVT/0ipktrg==
  dependencies:
    undici-types "~6.19.8"

"@types/react@^16.0.10":
  version "16.0.10"
  resolved "https://registry.yarnpkg.com/@types/react/-/react-16.0.10.tgz#a24b630f5f1f170866a148a147d4fc8636ea88e0"

circular-json-es6@^2.0.1:
  version "2.0.2"
  resolved "https://registry.yarnpkg.com/circular-json-es6/-/circular-json-es6-2.0.2.tgz#e4f4a093e49fb4b6aba1157365746112a78bd344"
  integrity sha512-ODYONMMNb3p658Zv+Pp+/XPa5s6q7afhz3Tzyvo+VRh9WIrJ64J76ZC4GQxnlye/NesTn09jvOiuE8+xxfpwhQ==

deep-equal-ident@^1.1.1:
  version "1.1.1"
  resolved "https://registry.yarnpkg.com/deep-equal-ident/-/deep-equal-ident-1.1.1.tgz#06f4b89e53710cd6cea4a7781c7a956642de8dc9"
  dependencies:
    lodash.isequal "^3.0"

enzyme-matchers@^4.0.1:
  version "4.2.0"
  resolved "https://registry.yarnpkg.com/enzyme-matchers/-/enzyme-matchers-4.2.0.tgz#38333883258da90e5414b5ac07d388aecb75227f"
  integrity sha512-5Gf/mAVYx6KPAUuxuDhAGt/gu9ndPd6duFcVnH2rbEad2clgTpHZL4Df49FHFukrjEEubX9rhfeAKx0/sbfVkQ==
  dependencies:
    circular-json-es6 "^2.0.1"
    deep-equal-ident "^1.1.1"

enzyme-to-json@^3.6.2:
  version "3.6.2"
  resolved "https://registry.yarnpkg.com/enzyme-to-json/-/enzyme-to-json-3.6.2.tgz#94f85c413bcae8ab67be53b0a94b69a560e27823"
  integrity sha512-Ynm6Z6R6iwQ0g2g1YToz6DWhxVnt8Dy1ijR2zynRKxTyBGA8rCDXU3rs2Qc4OKvUvc2Qoe1bcFK6bnPs20TrTg==
  dependencies:
    "@types/cheerio" "^0.22.22"
    lodash "^4.17.21"
    react-is "^16.12.0"

lodash._baseisequal@^3.0.0:
  version "3.0.7"
  resolved "https://registry.yarnpkg.com/lodash._baseisequal/-/lodash._baseisequal-3.0.7.tgz#d8025f76339d29342767dcc887ce5cb95a5b51f1"
  dependencies:
    lodash.isarray "^3.0.0"
    lodash.istypedarray "^3.0.0"
    lodash.keys "^3.0.0"

lodash._bindcallback@^3.0.0:
  version "3.0.1"
  resolved "https://registry.yarnpkg.com/lodash._bindcallback/-/lodash._bindcallback-3.0.1.tgz#e531c27644cf8b57a99e17ed95b35c748789392e"

lodash._getnative@^3.0.0:
  version "3.9.1"
  resolved "https://registry.yarnpkg.com/lodash._getnative/-/lodash._getnative-3.9.1.tgz#570bc7dede46d61cdcde687d65d3eecbaa3aaff5"

lodash.isarguments@^3.0.0:
  version "3.1.0"
  resolved "https://registry.yarnpkg.com/lodash.isarguments/-/lodash.isarguments-3.1.0.tgz#2f573d85c6a24289ff00663b491c1d338ff3458a"

lodash.isarray@^3.0.0:
  version "3.0.4"
  resolved "https://registry.yarnpkg.com/lodash.isarray/-/lodash.isarray-3.0.4.tgz#79e4eb88c36a8122af86f844aa9bcd851b5fbb55"

lodash.isequal@^3.0:
  version "3.0.4"
  resolved "https://registry.yarnpkg.com/lodash.isequal/-/lodash.isequal-3.0.4.tgz#1c35eb3b6ef0cd1ff51743e3ea3cf7fdffdacb64"
  dependencies:
    lodash._baseisequal "^3.0.0"
    lodash._bindcallback "^3.0.0"

lodash.istypedarray@^3.0.0:
  version "3.0.6"
  resolved "https://registry.yarnpkg.com/lodash.istypedarray/-/lodash.istypedarray-3.0.6.tgz#c9a477498607501d8e8494d283b87c39281cef62"

lodash.keys@^3.0.0:
  version "3.1.2"
  resolved "https://registry.yarnpkg.com/lodash.keys/-/lodash.keys-3.1.2.tgz#4dbc0472b156be50a0b286855d1bd0b0c656098a"
  dependencies:
    lodash._getnative "^3.0.0"
    lodash.isarguments "^3.0.0"
    lodash.isarray "^3.0.0"

lodash@^4.17.21:
  version "4.17.21"
  resolved "https://registry.yarnpkg.com/lodash/-/lodash-4.17.21.tgz#679591c564c3bffaae8454cf0b3df370c3d6911c"
  integrity sha512-v2kDEe57lecTulaDIuNTPy3Ry4gLGJ6Z1O3vE1krgXZNrsQ+LFTGHVxVjcXPs17LhbZVGedAJv8XZ1tvj5FvSg==

react-is@^16.12.0:
  version "16.13.1"
  resolved "https://registry.yarnpkg.com/react-is/-/react-is-16.13.1.tgz#789729a4dc36de2999dc156dd6c1d9c18cea56a4"
  integrity sha512-24e6ynE2H+OKt4kqsOvNd8kBpV65zoxbA4BVsEOB3ARVWQki/DHzaUoC5KuON/BiccDaCCTZBuOcfZs70kR8bQ==

undici-types@~6.19.8:
  version "6.19.8"
  resolved "https://registry.yarnpkg.com/undici-types/-/undici-types-6.19.8.tgz#35111c9d1437ab83a7cdc0abae2f26d88eda0a02"
  integrity sha512-ve2KP6f/JnbPBFyobGHuerC9g1FYGn/F8n1LWTwNxCEzd6IfqTwUQcNXgEtmmQ6DlRrC1hrSrBnCZPokRrDHjw==
